
Microsoft Visual Studio Solution File, Format Version 12.00
# Visual Studio 15
VisualStudioVersion = 15.0.28307.1401
MinimumVisualStudioVersion = 10.0.40219.1
Project("{FAE04EC0-301F-11D3-BF4B-00C04F79EFBC}") = "KelEzb", "KelEzb\KelEzb.csproj", "{C67D595C-BA23-4409-928D-9CCE04CDF183}"
EndProject
Global
	GlobalSection(SolutionConfigurationPlatforms) = preSolution
		Debug|Any CPU = Debug|Any CPU
		Release|Any CPU = Release|Any CPU
	EndGlobalSection
	GlobalSection(ProjectConfigurationPlatforms) = postSolution
		{C67D595C-BA23-4409-928D-9CCE04CDF183}.Debug|Any CPU.ActiveCfg = Debug|Any CPU
		{C67D595C-BA23-4409-928D-9CCE04CDF183}.Debug|Any CPU.Build.0 = Debug|Any CPU
		{C67D595C-BA23-4409-928D-9CCE04CDF183}.Release|Any CPU.ActiveCfg = Release|Any CPU
		{C67D595C-BA23-4409-928D-9CCE04CDF183}.Release|Any CPU.Build.0 = Release|Any CPU
	EndGlobalSection
	GlobalSection(SolutionProperties) = preSolution
		HideSolutionNode = FALSE
	EndGlobalSection
	GlobalSection(ExtensibilityGlobals) = postSolution
		SolutionGuid = {EDC301E1-89C0-4957-8028-B70989C2C143}
	EndGlobalSection
EndGlobal
